
Microsoft Visual Studio Solution File, Format Version 12.00
# Visual Studio 15
VisualStudioVersion = 15.0.27130.2024
MinimumVisualStudioVersion = 10.0.40219.1
Project("{E24C65DC-7377-472B-9ABA-BC803B73C61A}") = "EM(2)", "EM\", "{37B349F0-9E2B-4D8B-9DDF-0C0029B056B7}"
	ProjectSection(WebsiteProperties) = preProject
		TargetFrameworkMoniker = ".NETFramework,Version%3Dv4.6.1"
		Debug.AspNetCompiler.VirtualPath = "/localhost_60418"
		Debug.AspNetCompiler.PhysicalPath = "EM\"
		Debug.AspNetCompiler.TargetPath = "PrecompiledWeb\localhost_60418\"
		Debug.AspNetCompiler.Updateable = "true"
		Debug.AspNetCompiler.ForceOverwrite = "true"
		Debug.AspNetCompiler.FixedNames = "false"
		Debug.AspNetCompiler.Debug = "True"
		Release.AspNetCompiler.VirtualPath = "/localhost_60418"
		Release.AspNetCompiler.PhysicalPath = "EM\"
		Release.AspNetCompiler.TargetPath = "PrecompiledWeb\localhost_60418\"
		Release.AspNetCompiler.Updateable = "true"
		Release.AspNetCompiler.ForceOverwrite = "true"
		Release.AspNetCompiler.FixedNames = "false"
		Release.AspNetCompiler.Debug = "False"
		VWDPort = "60418"
		SlnRelativePath = "EM\"
		DefaultWebSiteLanguage = "Visual C#"
	EndProjectSection
EndProject
Global
	GlobalSection(SolutionConfigurationPlatforms) = preSolution
		Debug|Any CPU = Debug|Any CPU
	EndGlobalSection
	GlobalSection(ProjectConfigurationPlatforms) = postSolution
		{37B349F0-9E2B-4D8B-9DDF-0C0029B056B7}.Debug|Any CPU.ActiveCfg = Debug|Any CPU
		{37B349F0-9E2B-4D8B-9DDF-0C0029B056B7}.Debug|Any CPU.Build.0 = Debug|Any CPU
	EndGlobalSection
	GlobalSection(SolutionProperties) = preSolution
		HideSolutionNode = FALSE
	EndGlobalSection
	GlobalSection(ExtensibilityGlobals) = postSolution
		SolutionGuid = {A93D7426-80D9-470B-8AF8-E3DE0D7EF770}
	EndGlobalSection
EndGlobal
